
Microsoft Visual Studio Solution File, Format Version 12.00
# Visual Studio Version 16
VisualStudioVersion = 16.0.30621.155
MinimumVisualStudioVersion = 10.0.40219.1
Project("{FAE04EC0-301F-11D3-BF4B-00C04F79EFBC}") = "ApiWebCarros", "ApiWebCarros\ApiWebCarros.csproj", "{A74F492B-EDB8-4C97-9693-7FA60E0C63D5}"
EndProject
Global
	GlobalSection(SolutionConfigurationPlatforms) = preSolution
		Debug|Any CPU = Debug|Any CPU
		Release|Any CPU = Release|Any CPU
	EndGlobalSection
	GlobalSection(ProjectConfigurationPlatforms) = postSolution
		{A74F492B-EDB8-4C97-9693-7FA60E0C63D5}.Debug|Any CPU.ActiveCfg = Debug|Any CPU
		{A74F492B-EDB8-4C97-9693-7FA60E0C63D5}.Debug|Any CPU.Build.0 = Debug|Any CPU
		{A74F492B-EDB8-4C97-9693-7FA60E0C63D5}.Release|Any CPU.ActiveCfg = Release|Any CPU
		{A74F492B-EDB8-4C97-9693-7FA60E0C63D5}.Release|Any CPU.Build.0 = Release|Any CPU
	EndGlobalSection
	GlobalSection(SolutionProperties) = preSolution
		HideSolutionNode = FALSE
	EndGlobalSection
	GlobalSection(ExtensibilityGlobals) = postSolution
		SolutionGuid = {B4C3295D-54DA-4466-A64D-8BEA428212B7}
	EndGlobalSection
EndGlobal
